
Microsoft Visual Studio Solution File, Format Version 12.00
# Visual Studio 15
VisualStudioVersion = 15.0.27004.2010
MinimumVisualStudioVersion = 10.0.40219.1
Project("{888888A0-9F3D-457C-B088-3A5042F75D52}") = "Day1", "Day1\Day1.pyproj", "{861F936F-F030-476E-B1F4-6559C7EE1745}"
EndProject
Project("{888888A0-9F3D-457C-B088-3A5042F75D52}") = "Day2", "Day2\Day2.pyproj", "{BE8D1C52-215F-46D0-8C33-5F14966EF3E5}"
EndProject
Project("{888888A0-9F3D-457C-B088-3A5042F75D52}") = "Common", "Common\Common.pyproj", "{52117505-CB75-4424-A19C-87E36A6AE148}"
EndProject
Global
	GlobalSection(SolutionConfigurationPlatforms) = preSolution
		Debug|Any CPU = Debug|Any CPU
		Release|Any CPU = Release|Any CPU
	EndGlobalSection
	GlobalSection(ProjectConfigurationPlatforms) = postSolution
		{861F936F-F030-476E-B1F4-6559C7EE1745}.Debug|Any CPU.ActiveCfg = Debug|Any CPU
		{861F936F-F030-476E-B1F4-6559C7EE1745}.Release|Any CPU.ActiveCfg = Release|Any CPU
		{BE8D1C52-215F-46D0-8C33-5F14966EF3E5}.Debug|Any CPU.ActiveCfg = Debug|Any CPU
		{BE8D1C52-215F-46D0-8C33-5F14966EF3E5}.Release|Any CPU.ActiveCfg = Release|Any CPU
		{52117505-CB75-4424-A19C-87E36A6AE148}.Debug|Any CPU.ActiveCfg = Debug|Any CPU
		{52117505-CB75-4424-A19C-87E36A6AE148}.Release|Any CPU.ActiveCfg = Release|Any CPU
	EndGlobalSection
	GlobalSection(SolutionProperties) = preSolution
		HideSolutionNode = FALSE
	EndGlobalSection
	GlobalSection(ExtensibilityGlobals) = postSolution
		SolutionGuid = {646BFA4F-1E36-4BA1-B4F6-9EEA6E31D79B}
	EndGlobalSection
EndGlobal
